
Microsoft Visual Studio Solution File, Format Version 12.00
# Visual Studio Version 17
VisualStudioVersion = 17.0.31903.59
MinimumVisualStudioVersion = 10.0.40219.1
Project("{2150E333-8FDC-42A3-9474-1A3956D46DE8}") = "src", "src", "{1FE477AF-2E7A-475D-A718-E6AC0A1B6A27}"
EndProject
Project("{FAE04EC0-301F-11D3-BF4B-00C04F79EFBC}") = "HIT.API", "src\HIT.API\HIT.API.csproj", "{8337C12C-FF48-445F-82B4-24B9AEE99CDC}"
EndProject
Project("{FAE04EC0-301F-11D3-BF4B-00C04F79EFBC}") = "HIT.Application", "src\HIT.Application\HIT.Application.csproj", "{1040693E-A2D3-467D-A9AA-2D6A6DB19250}"
EndProject
Project("{FAE04EC0-301F-11D3-BF4B-00C04F79EFBC}") = "HIT.Infrastructure", "src\HIT.Infrastructure\HIT.Infrastructure.csproj", "{838AD4A9-CAE3-48FB-B3CD-22E0BCEC970A}"
EndProject
Project("{FAE04EC0-301F-11D3-BF4B-00C04F79EFBC}") = "HIT.Domain", "src\HIT.Domain\HIT.Domain.csproj", "{013914BE-ACAE-4C90-AF8F-ACE3A082CE21}"
EndProject
Project("{FAE04EC0-301F-11D3-BF4B-00C04F79EFBC}") = "HIT.REST", "src\HIT.REST\HIT.REST.csproj", "{7DE39B3E-977B-4B05-A0F1-1C5480FA0C40}"
EndProject
Global
	GlobalSection(SolutionConfigurationPlatforms) = preSolution
		Debug|Any CPU = Debug|Any CPU
		Release|Any CPU = Release|Any CPU
	EndGlobalSection
	GlobalSection(SolutionProperties) = preSolution
		HideSolutionNode = FALSE
	EndGlobalSection
	GlobalSection(ProjectConfigurationPlatforms) = postSolution
		{8337C12C-FF48-445F-82B4-24B9AEE99CDC}.Debug|Any CPU.ActiveCfg = Debug|Any CPU
		{8337C12C-FF48-445F-82B4-24B9AEE99CDC}.Debug|Any CPU.Build.0 = Debug|Any CPU
		{8337C12C-FF48-445F-82B4-24B9AEE99CDC}.Release|Any CPU.ActiveCfg = Release|Any CPU
		{8337C12C-FF48-445F-82B4-24B9AEE99CDC}.Release|Any CPU.Build.0 = Release|Any CPU
		{1040693E-A2D3-467D-A9AA-2D6A6DB19250}.Debug|Any CPU.ActiveCfg = Debug|Any CPU
		{1040693E-A2D3-467D-A9AA-2D6A6DB19250}.Debug|Any CPU.Build.0 = Debug|Any CPU
		{1040693E-A2D3-467D-A9AA-2D6A6DB19250}.Release|Any CPU.ActiveCfg = Release|Any CPU
		{1040693E-A2D3-467D-A9AA-2D6A6DB19250}.Release|Any CPU.Build.0 = Release|Any CPU
		{838AD4A9-CAE3-48FB-B3CD-22E0BCEC970A}.Debug|Any CPU.ActiveCfg = Debug|Any CPU
		{838AD4A9-CAE3-48FB-B3CD-22E0BCEC970A}.Debug|Any CPU.Build.0 = Debug|Any CPU
		{838AD4A9-CAE3-48FB-B3CD-22E0BCEC970A}.Release|Any CPU.ActiveCfg = Release|Any CPU
		{838AD4A9-CAE3-48FB-B3CD-22E0BCEC970A}.Release|Any CPU.Build.0 = Release|Any CPU
		{013914BE-ACAE-4C90-AF8F-ACE3A082CE21}.Debug|Any CPU.ActiveCfg = Debug|Any CPU
		{013914BE-ACAE-4C90-AF8F-ACE3A082CE21}.Debug|Any CPU.Build.0 = Debug|Any CPU
		{013914BE-ACAE-4C90-AF8F-ACE3A082CE21}.Release|Any CPU.ActiveCfg = Release|Any CPU
		{013914BE-ACAE-4C90-AF8F-ACE3A082CE21}.Release|Any CPU.Build.0 = Release|Any CPU
		{7DE39B3E-977B-4B05-A0F1-1C5480FA0C40}.Debug|Any CPU.ActiveCfg = Debug|Any CPU
		{7DE39B3E-977B-4B05-A0F1-1C5480FA0C40}.Debug|Any CPU.Build.0 = Debug|Any CPU
		{7DE39B3E-977B-4B05-A0F1-1C5480FA0C40}.Release|Any CPU.ActiveCfg = Release|Any CPU
		{7DE39B3E-977B-4B05-A0F1-1C5480FA0C40}.Release|Any CPU.Build.0 = Release|Any CPU
	EndGlobalSection
	GlobalSection(NestedProjects) = preSolution
		{8337C12C-FF48-445F-82B4-24B9AEE99CDC} = {1FE477AF-2E7A-475D-A718-E6AC0A1B6A27}
		{1040693E-A2D3-467D-A9AA-2D6A6DB19250} = {1FE477AF-2E7A-475D-A718-E6AC0A1B6A27}
		{838AD4A9-CAE3-48FB-B3CD-22E0BCEC970A} = {1FE477AF-2E7A-475D-A718-E6AC0A1B6A27}
		{013914BE-ACAE-4C90-AF8F-ACE3A082CE21} = {1FE477AF-2E7A-475D-A718-E6AC0A1B6A27}
		{7DE39B3E-977B-4B05-A0F1-1C5480FA0C40} = {1FE477AF-2E7A-475D-A718-E6AC0A1B6A27}
	EndGlobalSection
EndGlobal
